
Microsoft Visual Studio Solution File, Format Version 12.00
# Visual Studio 14
VisualStudioVersion = 14.0.25420.1
MinimumVisualStudioVersion = 10.0.40219.1
Project("{FAE04EC0-301F-11D3-BF4B-00C04F79EFBC}") = "ContosoO365DocSyncExcel", "ContosoO365DocSyncExcel\ContosoO365DocSyncExcel.csproj", "{E32AB03F-4A04-4E05-BAD4-244DAC7762E8}"
EndProject
Project("{FAE04EC0-301F-11D3-BF4B-00C04F79EFBC}") = "ContosoO365DocSyncWord", "ContosoO365DocSyncWord\ContosoO365DocSyncWord.csproj", "{DD027890-9C09-4F54-A928-8D97AD60D753}"
EndProject
Project("{FAE04EC0-301F-11D3-BF4B-00C04F79EFBC}") = "ContosoO365DocSync.Web", "ContosoO365DocSync.Web\ContosoO365DocSync.Web.csproj", "{6C5655F3-334D-4DFF-B8FD-B9CBDAA02F4B}"
EndProject
Project("{FAE04EC0-301F-11D3-BF4B-00C04F79EFBC}") = "ContosoO365DocSync.Entity", "ContosoO365DocSync.Entity\ContosoO365DocSync.Entity.csproj", "{AE4627B5-1D33-419C-A87F-04E118608B49}"
EndProject
Project("{FAE04EC0-301F-11D3-BF4B-00C04F79EFBC}") = "ContosoO365DocSync.Common", "ContosoO365DocSync.Common\ContosoO365DocSync.Common.csproj", "{1B9BB6D1-2843-447C-8749-EA3EC3E01B9E}"
EndProject
Project("{FAE04EC0-301F-11D3-BF4B-00C04F79EFBC}") = "ContosoO365DocSync.Service", "ContosoO365DocSync.Service\ContosoO365DocSync.Service.csproj", "{4F099640-1367-425E-852C-F5AC5E8B2B14}"
EndProject
Project("{FAE04EC0-301F-11D3-BF4B-00C04F79EFBC}") = "ContosoO365DocSync.Test", "ContosoO365DocSync.Test\ContosoO365DocSync.Test.csproj", "{41DE961A-D47A-467E-A22C-8A83B56E8216}"
EndProject
Project("{FAE04EC0-301F-11D3-BF4B-00C04F79EFBC}") = "ContosoO365DocSync.WebJob", "ContosoO365DocSync.WebJob\ContosoO365DocSync.WebJob.csproj", "{707F742B-F77B-42D9-938D-69CD2F4700A4}"
EndProject
Project("{151D2E53-A2C4-4D7D-83FE-D05416EBD58E}") = "ContosoO365DocSync.Azure", "ContosoO365DocSync.Azure\ContosoO365DocSync.Azure.deployproj", "{EF8E33E0-3784-476F-86EC-3EB0CBD06A3D}"
EndProject
Project("{FAE04EC0-301F-11D3-BF4B-00C04F79EFBC}") = "ContosoO365DocSync.EncryptTool", "ContosoO365DocSync.EncryptTool\ContosoO365DocSync.EncryptTool.csproj", "{E01E9A1A-1BFE-4986-BD76-228D967EBC85}"
EndProject
Project("{FAE04EC0-301F-11D3-BF4B-00C04F79EFBC}") = "ContosoO365DocSync.DocumentWebJob", "ContosoO365DocSync.DocumentWebJob\ContosoO365DocSync.DocumentWebJob.csproj", "{3F788594-2240-4874-9D86-95EA76D39D7C}"
EndProject
Project("{FAE04EC0-301F-11D3-BF4B-00C04F79EFBC}") = "ContosoO365DocSyncPowerPoint", "ContosoO365DocSyncPowerPoint\ContosoO365DocSyncPowerPoint.csproj", "{8C34563D-BA95-4DA7-8A59-3CD4F1F10BB6}"
EndProject
Global
	GlobalSection(SolutionConfigurationPlatforms) = preSolution
		Debug|Any CPU = Debug|Any CPU
		Dev|Any CPU = Dev|Any CPU
		Release|Any CPU = Release|Any CPU
	EndGlobalSection
	GlobalSection(ProjectConfigurationPlatforms) = postSolution
		{E32AB03F-4A04-4E05-BAD4-244DAC7762E8}.Debug|Any CPU.ActiveCfg = Debug|Any CPU
		{E32AB03F-4A04-4E05-BAD4-244DAC7762E8}.Debug|Any CPU.Build.0 = Debug|Any CPU
		{E32AB03F-4A04-4E05-BAD4-244DAC7762E8}.Debug|Any CPU.Deploy.0 = Debug|Any CPU
		{E32AB03F-4A04-4E05-BAD4-244DAC7762E8}.Dev|Any CPU.ActiveCfg = Dev|Any CPU
		{E32AB03F-4A04-4E05-BAD4-244DAC7762E8}.Dev|Any CPU.Build.0 = Dev|Any CPU
		{E32AB03F-4A04-4E05-BAD4-244DAC7762E8}.Dev|Any CPU.Deploy.0 = Dev|Any CPU
		{E32AB03F-4A04-4E05-BAD4-244DAC7762E8}.Release|Any CPU.ActiveCfg = Release|Any CPU
		{E32AB03F-4A04-4E05-BAD4-244DAC7762E8}.Release|Any CPU.Build.0 = Release|Any CPU
		{E32AB03F-4A04-4E05-BAD4-244DAC7762E8}.Release|Any CPU.Deploy.0 = Release|Any CPU
		{DD027890-9C09-4F54-A928-8D97AD60D753}.Debug|Any CPU.ActiveCfg = Debug|Any CPU
		{DD027890-9C09-4F54-A928-8D97AD60D753}.Debug|Any CPU.Build.0 = Debug|Any CPU
		{DD027890-9C09-4F54-A928-8D97AD60D753}.Debug|Any CPU.Deploy.0 = Debug|Any CPU
		{DD027890-9C09-4F54-A928-8D97AD60D753}.Dev|Any CPU.ActiveCfg = Dev|Any CPU
		{DD027890-9C09-4F54-A928-8D97AD60D753}.Dev|Any CPU.Build.0 = Dev|Any CPU
		{DD027890-9C09-4F54-A928-8D97AD60D753}.Dev|Any CPU.Deploy.0 = Dev|Any CPU
		{DD027890-9C09-4F54-A928-8D97AD60D753}.Release|Any CPU.ActiveCfg = Release|Any CPU
		{DD027890-9C09-4F54-A928-8D97AD60D753}.Release|Any CPU.Build.0 = Release|Any CPU
		{DD027890-9C09-4F54-A928-8D97AD60D753}.Release|Any CPU.Deploy.0 = Release|Any CPU
		{6C5655F3-334D-4DFF-B8FD-B9CBDAA02F4B}.Debug|Any CPU.ActiveCfg = Debug|Any CPU
		{6C5655F3-334D-4DFF-B8FD-B9CBDAA02F4B}.Debug|Any CPU.Build.0 = Debug|Any CPU
		{6C5655F3-334D-4DFF-B8FD-B9CBDAA02F4B}.Dev|Any CPU.ActiveCfg = Dev|Any CPU
		{6C5655F3-334D-4DFF-B8FD-B9CBDAA02F4B}.Dev|Any CPU.Build.0 = Dev|Any CPU
		{6C5655F3-334D-4DFF-B8FD-B9CBDAA02F4B}.Release|Any CPU.ActiveCfg = Release|Any CPU
		{6C5655F3-334D-4DFF-B8FD-B9CBDAA02F4B}.Release|Any CPU.Build.0 = Release|Any CPU
		{AE4627B5-1D33-419C-A87F-04E118608B49}.Debug|Any CPU.ActiveCfg = Debug|Any CPU
		{AE4627B5-1D33-419C-A87F-04E118608B49}.Debug|Any CPU.Build.0 = Debug|Any CPU
		{AE4627B5-1D33-419C-A87F-04E118608B49}.Dev|Any CPU.ActiveCfg = Dev|Any CPU
		{AE4627B5-1D33-419C-A87F-04E118608B49}.Dev|Any CPU.Build.0 = Dev|Any CPU
		{AE4627B5-1D33-419C-A87F-04E118608B49}.Release|Any CPU.ActiveCfg = Release|Any CPU
		{AE4627B5-1D33-419C-A87F-04E118608B49}.Release|Any CPU.Build.0 = Release|Any CPU
		{1B9BB6D1-2843-447C-8749-EA3EC3E01B9E}.Debug|Any CPU.ActiveCfg = Debug|Any CPU
		{1B9BB6D1-2843-447C-8749-EA3EC3E01B9E}.Debug|Any CPU.Build.0 = Debug|Any CPU
		{1B9BB6D1-2843-447C-8749-EA3EC3E01B9E}.Dev|Any CPU.ActiveCfg = Dev|Any CPU
		{1B9BB6D1-2843-447C-8749-EA3EC3E01B9E}.Dev|Any CPU.Build.0 = Dev|Any CPU
		{1B9BB6D1-2843-447C-8749-EA3EC3E01B9E}.Release|Any CPU.ActiveCfg = Release|Any CPU
		{1B9BB6D1-2843-447C-8749-EA3EC3E01B9E}.Release|Any CPU.Build.0 = Release|Any CPU
		{4F099640-1367-425E-852C-F5AC5E8B2B14}.Debug|Any CPU.ActiveCfg = Debug|Any CPU
		{4F099640-1367-425E-852C-F5AC5E8B2B14}.Debug|Any CPU.Build.0 = Debug|Any CPU
		{4F099640-1367-425E-852C-F5AC5E8B2B14}.Dev|Any CPU.ActiveCfg = Dev|Any CPU
		{4F099640-1367-425E-852C-F5AC5E8B2B14}.Dev|Any CPU.Build.0 = Dev|Any CPU
		{4F099640-1367-425E-852C-F5AC5E8B2B14}.Release|Any CPU.ActiveCfg = Release|Any CPU
		{4F099640-1367-425E-852C-F5AC5E8B2B14}.Release|Any CPU.Build.0 = Release|Any CPU
		{41DE961A-D47A-467E-A22C-8A83B56E8216}.Debug|Any CPU.ActiveCfg = Debug|Any CPU
		{41DE961A-D47A-467E-A22C-8A83B56E8216}.Debug|Any CPU.Build.0 = Debug|Any CPU
		{41DE961A-D47A-467E-A22C-8A83B56E8216}.Dev|Any CPU.ActiveCfg = Dev|Any CPU
		{41DE961A-D47A-467E-A22C-8A83B56E8216}.Dev|Any CPU.Build.0 = Dev|Any CPU
		{41DE961A-D47A-467E-A22C-8A83B56E8216}.Release|Any CPU.ActiveCfg = Release|Any CPU
		{41DE961A-D47A-467E-A22C-8A83B56E8216}.Release|Any CPU.Build.0 = Release|Any CPU
		{707F742B-F77B-42D9-938D-69CD2F4700A4}.Debug|Any CPU.ActiveCfg = Debug|Any CPU
		{707F742B-F77B-42D9-938D-69CD2F4700A4}.Debug|Any CPU.Build.0 = Debug|Any CPU
		{707F742B-F77B-42D9-938D-69CD2F4700A4}.Dev|Any CPU.ActiveCfg = Dev|Any CPU
		{707F742B-F77B-42D9-938D-69CD2F4700A4}.Dev|Any CPU.Build.0 = Dev|Any CPU
		{707F742B-F77B-42D9-938D-69CD2F4700A4}.Release|Any CPU.ActiveCfg = Release|Any CPU
		{707F742B-F77B-42D9-938D-69CD2F4700A4}.Release|Any CPU.Build.0 = Release|Any CPU
		{EF8E33E0-3784-476F-86EC-3EB0CBD06A3D}.Debug|Any CPU.ActiveCfg = Debug|Any CPU
		{EF8E33E0-3784-476F-86EC-3EB0CBD06A3D}.Debug|Any CPU.Build.0 = Debug|Any CPU
		{EF8E33E0-3784-476F-86EC-3EB0CBD06A3D}.Dev|Any CPU.ActiveCfg = Dev|Any CPU
		{EF8E33E0-3784-476F-86EC-3EB0CBD06A3D}.Dev|Any CPU.Build.0 = Dev|Any CPU
		{EF8E33E0-3784-476F-86EC-3EB0CBD06A3D}.Release|Any CPU.ActiveCfg = Release|Any CPU
		{EF8E33E0-3784-476F-86EC-3EB0CBD06A3D}.Release|Any CPU.Build.0 = Release|Any CPU
		{E01E9A1A-1BFE-4986-BD76-228D967EBC85}.Debug|Any CPU.ActiveCfg = Debug|Any CPU
		{E01E9A1A-1BFE-4986-BD76-228D967EBC85}.Debug|Any CPU.Build.0 = Debug|Any CPU
		{E01E9A1A-1BFE-4986-BD76-228D967EBC85}.Dev|Any CPU.ActiveCfg = Debug|Any CPU
		{E01E9A1A-1BFE-4986-BD76-228D967EBC85}.Dev|Any CPU.Build.0 = Debug|Any CPU
		{E01E9A1A-1BFE-4986-BD76-228D967EBC85}.Release|Any CPU.ActiveCfg = Release|Any CPU
		{E01E9A1A-1BFE-4986-BD76-228D967EBC85}.Release|Any CPU.Build.0 = Release|Any CPU
		{3F788594-2240-4874-9D86-95EA76D39D7C}.Debug|Any CPU.ActiveCfg = Debug|Any CPU
		{3F788594-2240-4874-9D86-95EA76D39D7C}.Debug|Any CPU.Build.0 = Debug|Any CPU
		{3F788594-2240-4874-9D86-95EA76D39D7C}.Dev|Any CPU.ActiveCfg = Debug|Any CPU
		{3F788594-2240-4874-9D86-95EA76D39D7C}.Dev|Any CPU.Build.0 = Debug|Any CPU
		{3F788594-2240-4874-9D86-95EA76D39D7C}.Release|Any CPU.ActiveCfg = Release|Any CPU
		{3F788594-2240-4874-9D86-95EA76D39D7C}.Release|Any CPU.Build.0 = Release|Any CPU
		{8C34563D-BA95-4DA7-8A59-3CD4F1F10BB6}.Debug|Any CPU.ActiveCfg = Debug|Any CPU
		{8C34563D-BA95-4DA7-8A59-3CD4F1F10BB6}.Debug|Any CPU.Build.0 = Debug|Any CPU
		{8C34563D-BA95-4DA7-8A59-3CD4F1F10BB6}.Debug|Any CPU.Deploy.0 = Debug|Any CPU
		{8C34563D-BA95-4DA7-8A59-3CD4F1F10BB6}.Dev|Any CPU.ActiveCfg = Debug|Any CPU
		{8C34563D-BA95-4DA7-8A59-3CD4F1F10BB6}.Dev|Any CPU.Build.0 = Debug|Any CPU
		{8C34563D-BA95-4DA7-8A59-3CD4F1F10BB6}.Dev|Any CPU.Deploy.0 = Debug|Any CPU
		{8C34563D-BA95-4DA7-8A59-3CD4F1F10BB6}.Release|Any CPU.ActiveCfg = Release|Any CPU
		{8C34563D-BA95-4DA7-8A59-3CD4F1F10BB6}.Release|Any CPU.Build.0 = Release|Any CPU
		{8C34563D-BA95-4DA7-8A59-3CD4F1F10BB6}.Release|Any CPU.Deploy.0 = Release|Any CPU
	EndGlobalSection
	GlobalSection(SolutionProperties) = preSolution
		HideSolutionNode = FALSE
	EndGlobalSection
EndGlobal
